
Microsoft Visual Studio Solution File, Format Version 12.00
# Visual Studio Version 17
VisualStudioVersion = 17.4.33213.308
MinimumVisualStudioVersion = 10.0.40219.1
Project("{FAE04EC0-301F-11D3-BF4B-00C04F79EFBC}") = "Estructuras_repetitivas_ejercicio", "Estructuras_repetitivas_ejercicio\Estructuras_repetitivas_ejercicio.csproj", "{92CB07AF-2719-4B12-96D1-AF5C91B2D2A2}"
EndProject
Global
	GlobalSection(SolutionConfigurationPlatforms) = preSolution
		Debug|Any CPU = Debug|Any CPU
		Release|Any CPU = Release|Any CPU
	EndGlobalSection
	GlobalSection(ProjectConfigurationPlatforms) = postSolution
		{92CB07AF-2719-4B12-96D1-AF5C91B2D2A2}.Debug|Any CPU.ActiveCfg = Debug|Any CPU
		{92CB07AF-2719-4B12-96D1-AF5C91B2D2A2}.Debug|Any CPU.Build.0 = Debug|Any CPU
		{92CB07AF-2719-4B12-96D1-AF5C91B2D2A2}.Release|Any CPU.ActiveCfg = Release|Any CPU
		{92CB07AF-2719-4B12-96D1-AF5C91B2D2A2}.Release|Any CPU.Build.0 = Release|Any CPU
	EndGlobalSection
	GlobalSection(SolutionProperties) = preSolution
		HideSolutionNode = FALSE
	EndGlobalSection
	GlobalSection(ExtensibilityGlobals) = postSolution
		SolutionGuid = {377251A7-980B-4DCA-B012-6C9DF02AE363}
	EndGlobalSection
EndGlobal
